
Microsoft Visual Studio Solution File, Format Version 12.00
# Visual Studio Version 17
VisualStudioVersion = 17.0.31903.59
MinimumVisualStudioVersion = 10.0.40219.1
Project("{2150E333-8FDC-42A3-9474-1A3956D46DE8}") = "sources", "sources", "{C16B2082-E6A6-C480-36D0-FC08AA18D453}"
EndProject
Project("{FAE04EC0-301F-11D3-BF4B-00C04F79EFBC}") = "GENESIS", "sources\GENESIS\GENESIS.csproj", "{15CB952F-8E9E-4BEA-B6B8-EFE229AF89F0}"
EndProject
Project("{FAE04EC0-301F-11D3-BF4B-00C04F79EFBC}") = "Eclair.Renderer", "sources\Eclair.Renderer\Eclair.Renderer.csproj", "{BF6E64B1-A218-4AB1-8240-26A47F6E9A02}"
EndProject
Project("{FAE04EC0-301F-11D3-BF4B-00C04F79EFBC}") = "Eclair.Simulation", "sources\Eclair.Simulation\Eclair.Simulation.csproj", "{0F0F9F0F-2BC0-4B20-A73C-4405ABB3A0A7}"
EndProject
Project("{FAE04EC0-301F-11D3-BF4B-00C04F79EFBC}") = "GENESIS.Sandbox", "tests\GENESIS.Sandbox\GENESIS.Sandbox.csproj", "{8C9B0604-4DB8-4999-91D4-0D40B916C078}"
EndProject
Project("{2150E333-8FDC-42A3-9474-1A3956D46DE8}") = "tests", "tests", "{5CC8AE63-73AD-40D9-B832-D17F37042E38}"
EndProject
Project("{FAE04EC0-301F-11D3-BF4B-00C04F79EFBC}") = "Eclair.Presentation", "sources\Eclair.Presentation\Eclair.Presentation.csproj", "{7ECC605B-36B9-49A8-AC1B-2ACA9BB44F50}"
EndProject
Project("{FAE04EC0-301F-11D3-BF4B-00C04F79EFBC}") = "Eclair.Extensions.CSharp", "sources\Eclair.Extensions.CSharp\Eclair.Extensions.CSharp.csproj", "{232989A8-996C-41E8-A18A-CCB93134E08A}"
EndProject
Project("{FAE04EC0-301F-11D3-BF4B-00C04F79EFBC}") = "Eclair.UnitTypes", "sources\Eclair.UnitTypes\Eclair.UnitTypes.csproj", "{D51D0670-76EB-432E-9D88-DD5A9DF85568}"
EndProject
Project("{FAE04EC0-301F-11D3-BF4B-00C04F79EFBC}") = "Eclair.Presentation.Extensions.ModelLoading", "sources\Eclair.Presentation.Extensions.ModelLoading\Eclair.Presentation.Extensions.ModelLoading.csproj", "{B498D4E6-1551-4E6D-96AA-4F7900237478}"
EndProject
Global
	GlobalSection(SolutionConfigurationPlatforms) = preSolution
		Debug|Any CPU = Debug|Any CPU
		Debug|x64 = Debug|x64
		Debug|x86 = Debug|x86
		Release|Any CPU = Release|Any CPU
		Release|x64 = Release|x64
		Release|x86 = Release|x86
	EndGlobalSection
	GlobalSection(ProjectConfigurationPlatforms) = postSolution
		{15CB952F-8E9E-4BEA-B6B8-EFE229AF89F0}.Debug|Any CPU.ActiveCfg = Debug|Any CPU
		{15CB952F-8E9E-4BEA-B6B8-EFE229AF89F0}.Debug|Any CPU.Build.0 = Debug|Any CPU
		{15CB952F-8E9E-4BEA-B6B8-EFE229AF89F0}.Debug|x64.ActiveCfg = Debug|Any CPU
		{15CB952F-8E9E-4BEA-B6B8-EFE229AF89F0}.Debug|x64.Build.0 = Debug|Any CPU
		{15CB952F-8E9E-4BEA-B6B8-EFE229AF89F0}.Debug|x86.ActiveCfg = Debug|Any CPU
		{15CB952F-8E9E-4BEA-B6B8-EFE229AF89F0}.Debug|x86.Build.0 = Debug|Any CPU
		{15CB952F-8E9E-4BEA-B6B8-EFE229AF89F0}.Release|Any CPU.ActiveCfg = Release|Any CPU
		{15CB952F-8E9E-4BEA-B6B8-EFE229AF89F0}.Release|Any CPU.Build.0 = Release|Any CPU
		{15CB952F-8E9E-4BEA-B6B8-EFE229AF89F0}.Release|x64.ActiveCfg = Release|Any CPU
		{15CB952F-8E9E-4BEA-B6B8-EFE229AF89F0}.Release|x64.Build.0 = Release|Any CPU
		{15CB952F-8E9E-4BEA-B6B8-EFE229AF89F0}.Release|x86.ActiveCfg = Release|Any CPU
		{15CB952F-8E9E-4BEA-B6B8-EFE229AF89F0}.Release|x86.Build.0 = Release|Any CPU
		{BF6E64B1-A218-4AB1-8240-26A47F6E9A02}.Debug|Any CPU.ActiveCfg = Debug|Any CPU
		{BF6E64B1-A218-4AB1-8240-26A47F6E9A02}.Debug|Any CPU.Build.0 = Debug|Any CPU
		{BF6E64B1-A218-4AB1-8240-26A47F6E9A02}.Debug|x64.ActiveCfg = Debug|Any CPU
		{BF6E64B1-A218-4AB1-8240-26A47F6E9A02}.Debug|x64.Build.0 = Debug|Any CPU
		{BF6E64B1-A218-4AB1-8240-26A47F6E9A02}.Debug|x86.ActiveCfg = Debug|Any CPU
		{BF6E64B1-A218-4AB1-8240-26A47F6E9A02}.Debug|x86.Build.0 = Debug|Any CPU
		{BF6E64B1-A218-4AB1-8240-26A47F6E9A02}.Release|Any CPU.ActiveCfg = Release|Any CPU
		{BF6E64B1-A218-4AB1-8240-26A47F6E9A02}.Release|Any CPU.Build.0 = Release|Any CPU
		{BF6E64B1-A218-4AB1-8240-26A47F6E9A02}.Release|x64.ActiveCfg = Release|Any CPU
		{BF6E64B1-A218-4AB1-8240-26A47F6E9A02}.Release|x64.Build.0 = Release|Any CPU
		{BF6E64B1-A218-4AB1-8240-26A47F6E9A02}.Release|x86.ActiveCfg = Release|Any CPU
		{BF6E64B1-A218-4AB1-8240-26A47F6E9A02}.Release|x86.Build.0 = Release|Any CPU
		{0F0F9F0F-2BC0-4B20-A73C-4405ABB3A0A7}.Debug|Any CPU.ActiveCfg = Debug|Any CPU
		{0F0F9F0F-2BC0-4B20-A73C-4405ABB3A0A7}.Debug|Any CPU.Build.0 = Debug|Any CPU
		{0F0F9F0F-2BC0-4B20-A73C-4405ABB3A0A7}.Debug|x64.ActiveCfg = Debug|Any CPU
		{0F0F9F0F-2BC0-4B20-A73C-4405ABB3A0A7}.Debug|x64.Build.0 = Debug|Any CPU
		{0F0F9F0F-2BC0-4B20-A73C-4405ABB3A0A7}.Debug|x86.ActiveCfg = Debug|Any CPU
		{0F0F9F0F-2BC0-4B20-A73C-4405ABB3A0A7}.Debug|x86.Build.0 = Debug|Any CPU
		{0F0F9F0F-2BC0-4B20-A73C-4405ABB3A0A7}.Release|Any CPU.ActiveCfg = Release|Any CPU
		{0F0F9F0F-2BC0-4B20-A73C-4405ABB3A0A7}.Release|Any CPU.Build.0 = Release|Any CPU
		{0F0F9F0F-2BC0-4B20-A73C-4405ABB3A0A7}.Release|x64.ActiveCfg = Release|Any CPU
		{0F0F9F0F-2BC0-4B20-A73C-4405ABB3A0A7}.Release|x64.Build.0 = Release|Any CPU
		{0F0F9F0F-2BC0-4B20-A73C-4405ABB3A0A7}.Release|x86.ActiveCfg = Release|Any CPU
		{0F0F9F0F-2BC0-4B20-A73C-4405ABB3A0A7}.Release|x86.Build.0 = Release|Any CPU
		{8C9B0604-4DB8-4999-91D4-0D40B916C078}.Debug|Any CPU.ActiveCfg = Debug|Any CPU
		{8C9B0604-4DB8-4999-91D4-0D40B916C078}.Debug|Any CPU.Build.0 = Debug|Any CPU
		{8C9B0604-4DB8-4999-91D4-0D40B916C078}.Debug|x64.ActiveCfg = Debug|Any CPU
		{8C9B0604-4DB8-4999-91D4-0D40B916C078}.Debug|x64.Build.0 = Debug|Any CPU
		{8C9B0604-4DB8-4999-91D4-0D40B916C078}.Debug|x86.ActiveCfg = Debug|Any CPU
		{8C9B0604-4DB8-4999-91D4-0D40B916C078}.Debug|x86.Build.0 = Debug|Any CPU
		{8C9B0604-4DB8-4999-91D4-0D40B916C078}.Release|Any CPU.ActiveCfg = Release|Any CPU
		{8C9B0604-4DB8-4999-91D4-0D40B916C078}.Release|Any CPU.Build.0 = Release|Any CPU
		{8C9B0604-4DB8-4999-91D4-0D40B916C078}.Release|x64.ActiveCfg = Release|Any CPU
		{8C9B0604-4DB8-4999-91D4-0D40B916C078}.Release|x64.Build.0 = Release|Any CPU
		{8C9B0604-4DB8-4999-91D4-0D40B916C078}.Release|x86.ActiveCfg = Release|Any CPU
		{8C9B0604-4DB8-4999-91D4-0D40B916C078}.Release|x86.Build.0 = Release|Any CPU
		{7ECC605B-36B9-49A8-AC1B-2ACA9BB44F50}.Debug|Any CPU.ActiveCfg = Debug|Any CPU
		{7ECC605B-36B9-49A8-AC1B-2ACA9BB44F50}.Debug|Any CPU.Build.0 = Debug|Any CPU
		{7ECC605B-36B9-49A8-AC1B-2ACA9BB44F50}.Debug|x64.ActiveCfg = Debug|Any CPU
		{7ECC605B-36B9-49A8-AC1B-2ACA9BB44F50}.Debug|x64.Build.0 = Debug|Any CPU
		{7ECC605B-36B9-49A8-AC1B-2ACA9BB44F50}.Debug|x86.ActiveCfg = Debug|Any CPU
		{7ECC605B-36B9-49A8-AC1B-2ACA9BB44F50}.Debug|x86.Build.0 = Debug|Any CPU
		{7ECC605B-36B9-49A8-AC1B-2ACA9BB44F50}.Release|Any CPU.ActiveCfg = Release|Any CPU
		{7ECC605B-36B9-49A8-AC1B-2ACA9BB44F50}.Release|Any CPU.Build.0 = Release|Any CPU
		{7ECC605B-36B9-49A8-AC1B-2ACA9BB44F50}.Release|x64.ActiveCfg = Release|Any CPU
		{7ECC605B-36B9-49A8-AC1B-2ACA9BB44F50}.Release|x64.Build.0 = Release|Any CPU
		{7ECC605B-36B9-49A8-AC1B-2ACA9BB44F50}.Release|x86.ActiveCfg = Release|Any CPU
		{7ECC605B-36B9-49A8-AC1B-2ACA9BB44F50}.Release|x86.Build.0 = Release|Any CPU
		{232989A8-996C-41E8-A18A-CCB93134E08A}.Debug|Any CPU.ActiveCfg = Debug|Any CPU
		{232989A8-996C-41E8-A18A-CCB93134E08A}.Debug|Any CPU.Build.0 = Debug|Any CPU
		{232989A8-996C-41E8-A18A-CCB93134E08A}.Debug|x64.ActiveCfg = Debug|Any CPU
		{232989A8-996C-41E8-A18A-CCB93134E08A}.Debug|x64.Build.0 = Debug|Any CPU
		{232989A8-996C-41E8-A18A-CCB93134E08A}.Debug|x86.ActiveCfg = Debug|Any CPU
		{232989A8-996C-41E8-A18A-CCB93134E08A}.Debug|x86.Build.0 = Debug|Any CPU
		{232989A8-996C-41E8-A18A-CCB93134E08A}.Release|Any CPU.ActiveCfg = Release|Any CPU
		{232989A8-996C-41E8-A18A-CCB93134E08A}.Release|Any CPU.Build.0 = Release|Any CPU
		{232989A8-996C-41E8-A18A-CCB93134E08A}.Release|x64.ActiveCfg = Release|Any CPU
		{232989A8-996C-41E8-A18A-CCB93134E08A}.Release|x64.Build.0 = Release|Any CPU
		{232989A8-996C-41E8-A18A-CCB93134E08A}.Release|x86.ActiveCfg = Release|Any CPU
		{232989A8-996C-41E8-A18A-CCB93134E08A}.Release|x86.Build.0 = Release|Any CPU
		{D51D0670-76EB-432E-9D88-DD5A9DF85568}.Debug|Any CPU.ActiveCfg = Debug|Any CPU
		{D51D0670-76EB-432E-9D88-DD5A9DF85568}.Debug|Any CPU.Build.0 = Debug|Any CPU
		{D51D0670-76EB-432E-9D88-DD5A9DF85568}.Debug|x64.ActiveCfg = Debug|Any CPU
		{D51D0670-76EB-432E-9D88-DD5A9DF85568}.Debug|x64.Build.0 = Debug|Any CPU
		{D51D0670-76EB-432E-9D88-DD5A9DF85568}.Debug|x86.ActiveCfg = Debug|Any CPU
		{D51D0670-76EB-432E-9D88-DD5A9DF85568}.Debug|x86.Build.0 = Debug|Any CPU
		{D51D0670-76EB-432E-9D88-DD5A9DF85568}.Release|Any CPU.ActiveCfg = Release|Any CPU
		{D51D0670-76EB-432E-9D88-DD5A9DF85568}.Release|Any CPU.Build.0 = Release|Any CPU
		{D51D0670-76EB-432E-9D88-DD5A9DF85568}.Release|x64.ActiveCfg = Release|Any CPU
		{D51D0670-76EB-432E-9D88-DD5A9DF85568}.Release|x64.Build.0 = Release|Any CPU
		{D51D0670-76EB-432E-9D88-DD5A9DF85568}.Release|x86.ActiveCfg = Release|Any CPU
		{D51D0670-76EB-432E-9D88-DD5A9DF85568}.Release|x86.Build.0 = Release|Any CPU
		{B498D4E6-1551-4E6D-96AA-4F7900237478}.Debug|Any CPU.ActiveCfg = Debug|Any CPU
		{B498D4E6-1551-4E6D-96AA-4F7900237478}.Debug|Any CPU.Build.0 = Debug|Any CPU
		{B498D4E6-1551-4E6D-96AA-4F7900237478}.Debug|x64.ActiveCfg = Debug|Any CPU
		{B498D4E6-1551-4E6D-96AA-4F7900237478}.Debug|x64.Build.0 = Debug|Any CPU
		{B498D4E6-1551-4E6D-96AA-4F7900237478}.Debug|x86.ActiveCfg = Debug|Any CPU
		{B498D4E6-1551-4E6D-96AA-4F7900237478}.Debug|x86.Build.0 = Debug|Any CPU
		{B498D4E6-1551-4E6D-96AA-4F7900237478}.Release|Any CPU.ActiveCfg = Release|Any CPU
		{B498D4E6-1551-4E6D-96AA-4F7900237478}.Release|Any CPU.Build.0 = Release|Any CPU
		{B498D4E6-1551-4E6D-96AA-4F7900237478}.Release|x64.ActiveCfg = Release|Any CPU
		{B498D4E6-1551-4E6D-96AA-4F7900237478}.Release|x64.Build.0 = Release|Any CPU
		{B498D4E6-1551-4E6D-96AA-4F7900237478}.Release|x86.ActiveCfg = Release|Any CPU
		{B498D4E6-1551-4E6D-96AA-4F7900237478}.Release|x86.Build.0 = Release|Any CPU
	EndGlobalSection
	GlobalSection(SolutionProperties) = preSolution
		HideSolutionNode = FALSE
	EndGlobalSection
	GlobalSection(NestedProjects) = preSolution
		{15CB952F-8E9E-4BEA-B6B8-EFE229AF89F0} = {C16B2082-E6A6-C480-36D0-FC08AA18D453}
		{BF6E64B1-A218-4AB1-8240-26A47F6E9A02} = {C16B2082-E6A6-C480-36D0-FC08AA18D453}
		{0F0F9F0F-2BC0-4B20-A73C-4405ABB3A0A7} = {C16B2082-E6A6-C480-36D0-FC08AA18D453}
		{8C9B0604-4DB8-4999-91D4-0D40B916C078} = {5CC8AE63-73AD-40D9-B832-D17F37042E38}
		{7ECC605B-36B9-49A8-AC1B-2ACA9BB44F50} = {C16B2082-E6A6-C480-36D0-FC08AA18D453}
		{232989A8-996C-41E8-A18A-CCB93134E08A} = {C16B2082-E6A6-C480-36D0-FC08AA18D453}
		{D51D0670-76EB-432E-9D88-DD5A9DF85568} = {C16B2082-E6A6-C480-36D0-FC08AA18D453}
		{B498D4E6-1551-4E6D-96AA-4F7900237478} = {C16B2082-E6A6-C480-36D0-FC08AA18D453}
	EndGlobalSection
EndGlobal
