
Microsoft Visual Studio Solution File, Format Version 12.00
# Visual Studio Version 17
VisualStudioVersion = 17.0.31903.59
MinimumVisualStudioVersion = 10.0.40219.1
Project("{2150E333-8FDC-42A3-9474-1A3956D46DE8}") = "sources", "sources", "{C16B2082-E6A6-C480-36D0-FC08AA18D453}"
EndProject
Project("{FAE04EC0-301F-11D3-BF4B-00C04F79EFBC}") = "GENESIS", "sources\GENESIS\GENESIS.csproj", "{15CB952F-8E9E-4BEA-B6B8-EFE229AF89F0}"
EndProject
Project("{FAE04EC0-301F-11D3-BF4B-00C04F79EFBC}") = "GENESIS.GPU", "sources\GENESIS.GPU\GENESIS.GPU.csproj", "{BF6E64B1-A218-4AB1-8240-26A47F6E9A02}"
EndProject
Project("{FAE04EC0-301F-11D3-BF4B-00C04F79EFBC}") = "portal", "portal\portal.csproj", "{A1AFF2EA-9FFA-4928-8F51-C50ED02E6386}"
EndProject
Project("{FAE04EC0-301F-11D3-BF4B-00C04F79EFBC}") = "GENESIS.Simulation", "sources\GENESIS.Simulation\GENESIS.Simulation.csproj", "{0F0F9F0F-2BC0-4B20-A73C-4405ABB3A0A7}"
EndProject
Project("{FAE04EC0-301F-11D3-BF4B-00C04F79EFBC}") = "GENESIS.Sandbox", "tests\GENESIS.Sandbox\GENESIS.Sandbox.csproj", "{8C9B0604-4DB8-4999-91D4-0D40B916C078}"
EndProject
Project("{2150E333-8FDC-42A3-9474-1A3956D46DE8}") = "tests", "tests", "{5CC8AE63-73AD-40D9-B832-D17F37042E38}"
EndProject
Project("{FAE04EC0-301F-11D3-BF4B-00C04F79EFBC}") = "GENESIS.PresentationFramework", "sources\GENESIS.PresentationFramework\GENESIS.PresentationFramework.csproj", "{7ECC605B-36B9-49A8-AC1B-2ACA9BB44F50}"
EndProject
Project("{FAE04EC0-301F-11D3-BF4B-00C04F79EFBC}") = "GENESIS.Planetes", "sources\GENESIS.Planetes\GENESIS.Planetes.csproj", "{ED05F999-5E38-44E0-B54E-3B1EDAF311D5}"
EndProject
Project("{FAE04EC0-301F-11D3-BF4B-00C04F79EFBC}") = "GENESIS.LanguageExtensions", "sources\GENESIS.LanguageExtensions\GENESIS.LanguageExtensions.csproj", "{232989A8-996C-41E8-A18A-CCB93134E08A}"
EndProject
Global
	GlobalSection(SolutionConfigurationPlatforms) = preSolution
		Debug|Any CPU = Debug|Any CPU
		Debug|x64 = Debug|x64
		Debug|x86 = Debug|x86
		Release|Any CPU = Release|Any CPU
		Release|x64 = Release|x64
		Release|x86 = Release|x86
	EndGlobalSection
	GlobalSection(ProjectConfigurationPlatforms) = postSolution
		{15CB952F-8E9E-4BEA-B6B8-EFE229AF89F0}.Debug|Any CPU.ActiveCfg = Debug|Any CPU
		{15CB952F-8E9E-4BEA-B6B8-EFE229AF89F0}.Debug|Any CPU.Build.0 = Debug|Any CPU
		{15CB952F-8E9E-4BEA-B6B8-EFE229AF89F0}.Debug|x64.ActiveCfg = Debug|Any CPU
		{15CB952F-8E9E-4BEA-B6B8-EFE229AF89F0}.Debug|x64.Build.0 = Debug|Any CPU
		{15CB952F-8E9E-4BEA-B6B8-EFE229AF89F0}.Debug|x86.ActiveCfg = Debug|Any CPU
		{15CB952F-8E9E-4BEA-B6B8-EFE229AF89F0}.Debug|x86.Build.0 = Debug|Any CPU
		{15CB952F-8E9E-4BEA-B6B8-EFE229AF89F0}.Release|Any CPU.ActiveCfg = Release|Any CPU
		{15CB952F-8E9E-4BEA-B6B8-EFE229AF89F0}.Release|Any CPU.Build.0 = Release|Any CPU
		{15CB952F-8E9E-4BEA-B6B8-EFE229AF89F0}.Release|x64.ActiveCfg = Release|Any CPU
		{15CB952F-8E9E-4BEA-B6B8-EFE229AF89F0}.Release|x64.Build.0 = Release|Any CPU
		{15CB952F-8E9E-4BEA-B6B8-EFE229AF89F0}.Release|x86.ActiveCfg = Release|Any CPU
		{15CB952F-8E9E-4BEA-B6B8-EFE229AF89F0}.Release|x86.Build.0 = Release|Any CPU
		{BF6E64B1-A218-4AB1-8240-26A47F6E9A02}.Debug|Any CPU.ActiveCfg = Debug|Any CPU
		{BF6E64B1-A218-4AB1-8240-26A47F6E9A02}.Debug|Any CPU.Build.0 = Debug|Any CPU
		{BF6E64B1-A218-4AB1-8240-26A47F6E9A02}.Debug|x64.ActiveCfg = Debug|Any CPU
		{BF6E64B1-A218-4AB1-8240-26A47F6E9A02}.Debug|x64.Build.0 = Debug|Any CPU
		{BF6E64B1-A218-4AB1-8240-26A47F6E9A02}.Debug|x86.ActiveCfg = Debug|Any CPU
		{BF6E64B1-A218-4AB1-8240-26A47F6E9A02}.Debug|x86.Build.0 = Debug|Any CPU
		{BF6E64B1-A218-4AB1-8240-26A47F6E9A02}.Release|Any CPU.ActiveCfg = Release|Any CPU
		{BF6E64B1-A218-4AB1-8240-26A47F6E9A02}.Release|Any CPU.Build.0 = Release|Any CPU
		{BF6E64B1-A218-4AB1-8240-26A47F6E9A02}.Release|x64.ActiveCfg = Release|Any CPU
		{BF6E64B1-A218-4AB1-8240-26A47F6E9A02}.Release|x64.Build.0 = Release|Any CPU
		{BF6E64B1-A218-4AB1-8240-26A47F6E9A02}.Release|x86.ActiveCfg = Release|Any CPU
		{BF6E64B1-A218-4AB1-8240-26A47F6E9A02}.Release|x86.Build.0 = Release|Any CPU
		{A1AFF2EA-9FFA-4928-8F51-C50ED02E6386}.Debug|Any CPU.ActiveCfg = Debug|Any CPU
		{A1AFF2EA-9FFA-4928-8F51-C50ED02E6386}.Debug|Any CPU.Build.0 = Debug|Any CPU
		{A1AFF2EA-9FFA-4928-8F51-C50ED02E6386}.Debug|x64.ActiveCfg = Debug|Any CPU
		{A1AFF2EA-9FFA-4928-8F51-C50ED02E6386}.Debug|x64.Build.0 = Debug|Any CPU
		{A1AFF2EA-9FFA-4928-8F51-C50ED02E6386}.Debug|x86.ActiveCfg = Debug|Any CPU
		{A1AFF2EA-9FFA-4928-8F51-C50ED02E6386}.Debug|x86.Build.0 = Debug|Any CPU
		{A1AFF2EA-9FFA-4928-8F51-C50ED02E6386}.Release|Any CPU.ActiveCfg = Debug|Any CPU
		{A1AFF2EA-9FFA-4928-8F51-C50ED02E6386}.Release|Any CPU.Build.0 = Debug|Any CPU
		{A1AFF2EA-9FFA-4928-8F51-C50ED02E6386}.Release|x64.ActiveCfg = Debug|Any CPU
		{A1AFF2EA-9FFA-4928-8F51-C50ED02E6386}.Release|x64.Build.0 = Debug|Any CPU
		{A1AFF2EA-9FFA-4928-8F51-C50ED02E6386}.Release|x86.ActiveCfg = Debug|Any CPU
		{A1AFF2EA-9FFA-4928-8F51-C50ED02E6386}.Release|x86.Build.0 = Debug|Any CPU
		{0F0F9F0F-2BC0-4B20-A73C-4405ABB3A0A7}.Debug|Any CPU.ActiveCfg = Debug|Any CPU
		{0F0F9F0F-2BC0-4B20-A73C-4405ABB3A0A7}.Debug|Any CPU.Build.0 = Debug|Any CPU
		{0F0F9F0F-2BC0-4B20-A73C-4405ABB3A0A7}.Debug|x64.ActiveCfg = Debug|Any CPU
		{0F0F9F0F-2BC0-4B20-A73C-4405ABB3A0A7}.Debug|x64.Build.0 = Debug|Any CPU
		{0F0F9F0F-2BC0-4B20-A73C-4405ABB3A0A7}.Debug|x86.ActiveCfg = Debug|Any CPU
		{0F0F9F0F-2BC0-4B20-A73C-4405ABB3A0A7}.Debug|x86.Build.0 = Debug|Any CPU
		{0F0F9F0F-2BC0-4B20-A73C-4405ABB3A0A7}.Release|Any CPU.ActiveCfg = Release|Any CPU
		{0F0F9F0F-2BC0-4B20-A73C-4405ABB3A0A7}.Release|Any CPU.Build.0 = Release|Any CPU
		{0F0F9F0F-2BC0-4B20-A73C-4405ABB3A0A7}.Release|x64.ActiveCfg = Release|Any CPU
		{0F0F9F0F-2BC0-4B20-A73C-4405ABB3A0A7}.Release|x64.Build.0 = Release|Any CPU
		{0F0F9F0F-2BC0-4B20-A73C-4405ABB3A0A7}.Release|x86.ActiveCfg = Release|Any CPU
		{0F0F9F0F-2BC0-4B20-A73C-4405ABB3A0A7}.Release|x86.Build.0 = Release|Any CPU
		{8C9B0604-4DB8-4999-91D4-0D40B916C078}.Debug|Any CPU.ActiveCfg = Debug|Any CPU
		{8C9B0604-4DB8-4999-91D4-0D40B916C078}.Debug|Any CPU.Build.0 = Debug|Any CPU
		{8C9B0604-4DB8-4999-91D4-0D40B916C078}.Debug|x64.ActiveCfg = Debug|Any CPU
		{8C9B0604-4DB8-4999-91D4-0D40B916C078}.Debug|x64.Build.0 = Debug|Any CPU
		{8C9B0604-4DB8-4999-91D4-0D40B916C078}.Debug|x86.ActiveCfg = Debug|Any CPU
		{8C9B0604-4DB8-4999-91D4-0D40B916C078}.Debug|x86.Build.0 = Debug|Any CPU
		{8C9B0604-4DB8-4999-91D4-0D40B916C078}.Release|Any CPU.ActiveCfg = Release|Any CPU
		{8C9B0604-4DB8-4999-91D4-0D40B916C078}.Release|Any CPU.Build.0 = Release|Any CPU
		{8C9B0604-4DB8-4999-91D4-0D40B916C078}.Release|x64.ActiveCfg = Release|Any CPU
		{8C9B0604-4DB8-4999-91D4-0D40B916C078}.Release|x64.Build.0 = Release|Any CPU
		{8C9B0604-4DB8-4999-91D4-0D40B916C078}.Release|x86.ActiveCfg = Release|Any CPU
		{8C9B0604-4DB8-4999-91D4-0D40B916C078}.Release|x86.Build.0 = Release|Any CPU
		{7ECC605B-36B9-49A8-AC1B-2ACA9BB44F50}.Debug|Any CPU.ActiveCfg = Debug|Any CPU
		{7ECC605B-36B9-49A8-AC1B-2ACA9BB44F50}.Debug|Any CPU.Build.0 = Debug|Any CPU
		{7ECC605B-36B9-49A8-AC1B-2ACA9BB44F50}.Debug|x64.ActiveCfg = Debug|Any CPU
		{7ECC605B-36B9-49A8-AC1B-2ACA9BB44F50}.Debug|x64.Build.0 = Debug|Any CPU
		{7ECC605B-36B9-49A8-AC1B-2ACA9BB44F50}.Debug|x86.ActiveCfg = Debug|Any CPU
		{7ECC605B-36B9-49A8-AC1B-2ACA9BB44F50}.Debug|x86.Build.0 = Debug|Any CPU
		{7ECC605B-36B9-49A8-AC1B-2ACA9BB44F50}.Release|Any CPU.ActiveCfg = Release|Any CPU
		{7ECC605B-36B9-49A8-AC1B-2ACA9BB44F50}.Release|Any CPU.Build.0 = Release|Any CPU
		{7ECC605B-36B9-49A8-AC1B-2ACA9BB44F50}.Release|x64.ActiveCfg = Release|Any CPU
		{7ECC605B-36B9-49A8-AC1B-2ACA9BB44F50}.Release|x64.Build.0 = Release|Any CPU
		{7ECC605B-36B9-49A8-AC1B-2ACA9BB44F50}.Release|x86.ActiveCfg = Release|Any CPU
		{7ECC605B-36B9-49A8-AC1B-2ACA9BB44F50}.Release|x86.Build.0 = Release|Any CPU
		{ED05F999-5E38-44E0-B54E-3B1EDAF311D5}.Debug|Any CPU.ActiveCfg = Debug|Any CPU
		{ED05F999-5E38-44E0-B54E-3B1EDAF311D5}.Debug|Any CPU.Build.0 = Debug|Any CPU
		{ED05F999-5E38-44E0-B54E-3B1EDAF311D5}.Debug|x64.ActiveCfg = Debug|Any CPU
		{ED05F999-5E38-44E0-B54E-3B1EDAF311D5}.Debug|x64.Build.0 = Debug|Any CPU
		{ED05F999-5E38-44E0-B54E-3B1EDAF311D5}.Debug|x86.ActiveCfg = Debug|Any CPU
		{ED05F999-5E38-44E0-B54E-3B1EDAF311D5}.Debug|x86.Build.0 = Debug|Any CPU
		{ED05F999-5E38-44E0-B54E-3B1EDAF311D5}.Release|Any CPU.ActiveCfg = Release|Any CPU
		{ED05F999-5E38-44E0-B54E-3B1EDAF311D5}.Release|Any CPU.Build.0 = Release|Any CPU
		{ED05F999-5E38-44E0-B54E-3B1EDAF311D5}.Release|x64.ActiveCfg = Release|Any CPU
		{ED05F999-5E38-44E0-B54E-3B1EDAF311D5}.Release|x64.Build.0 = Release|Any CPU
		{ED05F999-5E38-44E0-B54E-3B1EDAF311D5}.Release|x86.ActiveCfg = Release|Any CPU
		{ED05F999-5E38-44E0-B54E-3B1EDAF311D5}.Release|x86.Build.0 = Release|Any CPU
		{232989A8-996C-41E8-A18A-CCB93134E08A}.Debug|Any CPU.ActiveCfg = Debug|Any CPU
		{232989A8-996C-41E8-A18A-CCB93134E08A}.Debug|Any CPU.Build.0 = Debug|Any CPU
		{232989A8-996C-41E8-A18A-CCB93134E08A}.Debug|x64.ActiveCfg = Debug|Any CPU
		{232989A8-996C-41E8-A18A-CCB93134E08A}.Debug|x64.Build.0 = Debug|Any CPU
		{232989A8-996C-41E8-A18A-CCB93134E08A}.Debug|x86.ActiveCfg = Debug|Any CPU
		{232989A8-996C-41E8-A18A-CCB93134E08A}.Debug|x86.Build.0 = Debug|Any CPU
		{232989A8-996C-41E8-A18A-CCB93134E08A}.Release|Any CPU.ActiveCfg = Release|Any CPU
		{232989A8-996C-41E8-A18A-CCB93134E08A}.Release|Any CPU.Build.0 = Release|Any CPU
		{232989A8-996C-41E8-A18A-CCB93134E08A}.Release|x64.ActiveCfg = Release|Any CPU
		{232989A8-996C-41E8-A18A-CCB93134E08A}.Release|x64.Build.0 = Release|Any CPU
		{232989A8-996C-41E8-A18A-CCB93134E08A}.Release|x86.ActiveCfg = Release|Any CPU
		{232989A8-996C-41E8-A18A-CCB93134E08A}.Release|x86.Build.0 = Release|Any CPU
	EndGlobalSection
	GlobalSection(SolutionProperties) = preSolution
		HideSolutionNode = FALSE
	EndGlobalSection
	GlobalSection(NestedProjects) = preSolution
		{15CB952F-8E9E-4BEA-B6B8-EFE229AF89F0} = {C16B2082-E6A6-C480-36D0-FC08AA18D453}
		{BF6E64B1-A218-4AB1-8240-26A47F6E9A02} = {C16B2082-E6A6-C480-36D0-FC08AA18D453}
		{0F0F9F0F-2BC0-4B20-A73C-4405ABB3A0A7} = {C16B2082-E6A6-C480-36D0-FC08AA18D453}
		{8C9B0604-4DB8-4999-91D4-0D40B916C078} = {5CC8AE63-73AD-40D9-B832-D17F37042E38}
		{7ECC605B-36B9-49A8-AC1B-2ACA9BB44F50} = {C16B2082-E6A6-C480-36D0-FC08AA18D453}
		{ED05F999-5E38-44E0-B54E-3B1EDAF311D5} = {C16B2082-E6A6-C480-36D0-FC08AA18D453}
		{232989A8-996C-41E8-A18A-CCB93134E08A} = {C16B2082-E6A6-C480-36D0-FC08AA18D453}
	EndGlobalSection
EndGlobal
